
Microsoft Visual Studio Solution File, Format Version 11.00
# Visual Studio 2010
Project("{FAE04EC0-301F-11D3-BF4B-00C04F79EFBC}") = "ArtGameJam2018", "Assembly-CSharp.csproj", "{C6EBB5E1-DE02-3E58-B3FC-83AACE89AD7A}"
EndProject
Global
	GlobalSection(SolutionConfigurationPlatforms) = preSolution
		Debug|Any CPU = Debug|Any CPU
		Release|Any CPU = Release|Any CPU
	EndGlobalSection
	GlobalSection(ProjectConfigurationPlatforms) = postSolution
		{C6EBB5E1-DE02-3E58-B3FC-83AACE89AD7A}.Debug|Any CPU.ActiveCfg = Debug|Any CPU
		{C6EBB5E1-DE02-3E58-B3FC-83AACE89AD7A}.Debug|Any CPU.Build.0 = Debug|Any CPU
		{C6EBB5E1-DE02-3E58-B3FC-83AACE89AD7A}.Release|Any CPU.ActiveCfg = Release|Any CPU
		{C6EBB5E1-DE02-3E58-B3FC-83AACE89AD7A}.Release|Any CPU.Build.0 = Release|Any CPU
	EndGlobalSection
	GlobalSection(SolutionProperties) = preSolution
		HideSolutionNode = FALSE
	EndGlobalSection
	GlobalSection(MonoDevelopProperties) = preSolution
		StartupItem = Assembly-CSharp.csproj
	EndGlobalSection
EndGlobal
